<?xml version="1.0" encoding="utf-8"?>
<Project ToolsVersion="4.0" xmlns="http://schemas.microsoft.com/developer/msbuild/2003">
  <ItemGroup>
    <Filter Include="Source Files">
      <UniqueIdentifier>{4FC737F1-C7A5-4376-A066-2A32D752A2FF}</UniqueIdentifier>
      <Extensions>cpp;c;cc;cxx;c++;cppm;ixx;def;odl;idl;hpj;bat;asm;asmx</Extensions>
    </Filter>
    <Filter Include="Header Files">
      <UniqueIdentifier>{93995380-89BD-4b04-88EB-625FBE52EBFB}</UniqueIdentifier>
      <Extensions>h;hh;hpp;hxx;h++;hm;inl;inc;ipp;xsd</Extensions>
    </Filter>
    <Filter Include="Resource Files">
      <UniqueIdentifier>{67DA6AB6-F800-4c08-8B7A-83BB121AAD01}</UniqueIdentifier>
      <Extensions>rc;ico;cur;bmp;dlg;rc2;rct;bin;rgs;gif;jpg;jpeg;jpe;resx;tiff;tif;png;wav;mfcribbon-ms</Extensions>
    </Filter>
    <Filter Include="Source Files\gf2d">
      <UniqueIdentifier>{9a63276e-30e0-4e5b-b060-daf96d37a9c9}</UniqueIdentifier>
    </Filter>
    <Filter Include="Source Files\gf3d">
      <UniqueIdentifier>{a5526053-5bb6-44a7-b786-9f40b6d9c6a3}</UniqueIdentifier>
    </Filter>
    <Filter Include="Source Files\gfc">
      <UniqueIdentifier>{0d4f84df-db5d-4ccf-952e-04f2275cc13c}</UniqueIdentifier>
    </Filter>
    <Filter Include="Source Files\simple_json">
      <UniqueIdentifier>{e8d0bcee-f1ec-4bc7-85c9-6629fc887788}</UniqueIdentifier>
    </Filter>
    <Filter Include="Source Files\simple_logger">
      <UniqueIdentifier>{e4461aec-8a50-4ece-b566-a984d8a0e175}</UniqueIdentifier>
    </Filter>
    <Filter Include="Source Files\engine_retrofit">
      <UniqueIdentifier>{ed8cf22f-f90f-4021-b0c1-b4d311c8ca89}</UniqueIdentifier>
    </Filter>
    <Filter Include="Header Files\engine_retrofit">
      <UniqueIdentifier>{e5861260-452b-4d4f-8ed1-110442040be5}</UniqueIdentifier>
    </Filter>
    <Filter Include="Source Files\script">
      <UniqueIdentifier>{2aa7323c-4d14-4da0-9cc3-4cf4bcc32e47}</UniqueIdentifier>
    </Filter>
    <Filter Include="Header Files\script">
      <UniqueIdentifier>{7a76775d-1b51-46d0-8eb3-ebd67b2138ca}</UniqueIdentifier>
    </Filter>
    <Filter Include="Header Files\gf3d">
      <UniqueIdentifier>{e5ec886c-c7d1-4544-9e63-92f562359342}</UniqueIdentifier>
    </Filter>
    <Filter Include="Header Files\gf2d">
      <UniqueIdentifier>{fa24752a-909d-463a-9a83-8d2efa2003aa}</UniqueIdentifier>
    </Filter>
    <Filter Include="Header Files\gfc">
      <UniqueIdentifier>{f2332a94-c01d-4f39-8318-9051fe36e71b}</UniqueIdentifier>
    </Filter>
    <Filter Include="Header Files\simple_json">
      <UniqueIdentifier>{6e9898d5-8d93-458f-a4c6-24ef05ffa976}</UniqueIdentifier>
    </Filter>
    <Filter Include="Header Files\simple_logger">
      <UniqueIdentifier>{56d7afa5-c7a1-44ca-8613-f2abcb4e9ea4}</UniqueIdentifier>
    </Filter>
    <Filter Include="Header Files\game">
      <UniqueIdentifier>{9329628e-5449-429e-b2a5-1e0486436a7e}</UniqueIdentifier>
    </Filter>
    <Filter Include="Source Files\game">
      <UniqueIdentifier>{ba64ec12-64f6-4709-b779-d0baf124fc9c}</UniqueIdentifier>
    </Filter>
    <Filter Include="Header Files\dice">
      <UniqueIdentifier>{a07f198d-4184-4db7-b0ef-5d3be75836f4}</UniqueIdentifier>
    </Filter>
  </ItemGroup>
  <ItemGroup>
    <ClCompile Include="..\src\agumon.c">
      <Filter>Source Files</Filter>
    </ClCompile>
    <ClCompile Include="..\src\player.c">
      <Filter>Source Files</Filter>
    </ClCompile>
    <ClCompile Include="..\src\world.c">
      <Filter>Source Files</Filter>
    </ClCompile>
    <ClCompile Include="..\gfc\src\miniz.c">
      <Filter>Source Files</Filter>
    </ClCompile>
    <ClCompile Include="..\src\gf2d_draw.c">
      <Filter>Source Files\gf2d</Filter>
    </ClCompile>
    <ClCompile Include="..\src\gf2d_font.c">
      <Filter>Source Files\gf2d</Filter>
    </ClCompile>
    <ClCompile Include="..\src\gf2d_sprite.c">
      <Filter>Source Files\gf2d</Filter>
    </ClCompile>
    <ClCompile Include="..\src\gf3d_buffers.c">
      <Filter>Source Files\gf3d</Filter>
    </ClCompile>
    <ClCompile Include="..\src\gf3d_camera.c">
      <Filter>Source Files\gf3d</Filter>
    </ClCompile>
    <ClCompile Include="..\src\gf3d_commands.c">
      <Filter>Source Files\gf3d</Filter>
    </ClCompile>
    <ClCompile Include="..\src\gf3d_config.c">
      <Filter>Source Files\gf3d</Filter>
    </ClCompile>
    <ClCompile Include="..\src\gf3d_debug.c">
      <Filter>Source Files\gf3d</Filter>
    </ClCompile>
    <ClCompile Include="..\src\gf3d_device.c">
      <Filter>Source Files\gf3d</Filter>
    </ClCompile>
    <ClCompile Include="..\src\gf3d_extensions.c">
      <Filter>Source Files\gf3d</Filter>
    </ClCompile>
    <ClCompile Include="..\src\gf3d_mesh.c">
      <Filter>Source Files\gf3d</Filter>
    </ClCompile>
    <ClCompile Include="..\src\gf3d_model.c">
      <Filter>Source Files\gf3d</Filter>
    </ClCompile>
    <ClCompile Include="..\src\gf3d_obj_load.c">
      <Filter>Source Files\gf3d</Filter>
    </ClCompile>
    <ClCompile Include="..\src\gf3d_particle.c">
      <Filter>Source Files\gf3d</Filter>
    </ClCompile>
    <ClCompile Include="..\src\gf3d_pipeline.c">
      <Filter>Source Files\gf3d</Filter>
    </ClCompile>
    <ClCompile Include="..\src\gf3d_shaders.c">
      <Filter>Source Files\gf3d</Filter>
    </ClCompile>
    <ClCompile Include="..\src\gf3d_swapchain.c">
      <Filter>Source Files\gf3d</Filter>
    </ClCompile>
    <ClCompile Include="..\src\gf3d_texture.c">
      <Filter>Source Files\gf3d</Filter>
    </ClCompile>
    <ClCompile Include="..\src\gf3d_uniform_buffers.c">
      <Filter>Source Files\gf3d</Filter>
    </ClCompile>
    <ClCompile Include="..\src\gf3d_validation.c">
      <Filter>Source Files\gf3d</Filter>
    </ClCompile>
    <ClCompile Include="..\src\gf3d_vgraphics.c">
      <Filter>Source Files\gf3d</Filter>
    </ClCompile>
    <ClCompile Include="..\src\gf3d_vqueues.c">
      <Filter>Source Files\gf3d</Filter>
    </ClCompile>
    <ClCompile Include="..\gfc\src\gfc_audio.c">
      <Filter>Source Files\gfc</Filter>
    </ClCompile>
    <ClCompile Include="..\gfc\src\gfc_callbacks.c">
      <Filter>Source Files\gfc</Filter>
    </ClCompile>
    <ClCompile Include="..\gfc\src\gfc_color.c">
      <Filter>Source Files\gfc</Filter>
    </ClCompile>
    <ClCompile Include="..\gfc\src\gfc_config.c">
      <Filter>Source Files\gfc</Filter>
    </ClCompile>
    <ClCompile Include="..\gfc\src\gfc_config_def.c">
      <Filter>Source Files\gfc</Filter>
    </ClCompile>
    <ClCompile Include="..\gfc\src\gfc_hashmap.c">
      <Filter>Source Files\gfc</Filter>
    </ClCompile>
    <ClCompile Include="..\gfc\src\gfc_input.c">
      <Filter>Source Files\gfc</Filter>
    </ClCompile>
    <ClCompile Include="..\gfc\src\gfc_list.c">
      <Filter>Source Files\gfc</Filter>
    </ClCompile>
    <ClCompile Include="..\gfc\src\gfc_matrix.c">
      <Filter>Source Files\gfc</Filter>
    </ClCompile>
    <ClCompile Include="..\gfc\src\gfc_pak.c">
      <Filter>Source Files\gfc</Filter>
    </ClCompile>
    <ClCompile Include="..\gfc\src\gfc_primitives.c">
      <Filter>Source Files\gfc</Filter>
    </ClCompile>
    <ClCompile Include="..\gfc\src\gfc_shape.c">
      <Filter>Source Files\gfc</Filter>
    </ClCompile>
    <ClCompile Include="..\gfc\src\gfc_text.c">
      <Filter>Source Files\gfc</Filter>
    </ClCompile>
    <ClCompile Include="..\gfc\src\gfc_types.c">
      <Filter>Source Files\gfc</Filter>
    </ClCompile>
    <ClCompile Include="..\gfc\src\gfc_vector.c">
      <Filter>Source Files\gfc</Filter>
    </ClCompile>
    <ClCompile Include="..\gfc\simple_json\src\simple_json.c">
      <Filter>Source Files\simple_json</Filter>
    </ClCompile>
    <ClCompile Include="..\gfc\simple_json\src\simple_json_array.c">
      <Filter>Source Files\simple_json</Filter>
    </ClCompile>
    <ClCompile Include="..\gfc\simple_json\src\simple_json_error.c">
      <Filter>Source Files\simple_json</Filter>
    </ClCompile>
    <ClCompile Include="..\gfc\simple_json\src\simple_json_list.c">
      <Filter>Source Files\simple_json</Filter>
    </ClCompile>
    <ClCompile Include="..\gfc\simple_json\src\simple_json_object.c">
      <Filter>Source Files\simple_json</Filter>
    </ClCompile>
    <ClCompile Include="..\gfc\simple_json\src\simple_json_parse.c">
      <Filter>Source Files\simple_json</Filter>
    </ClCompile>
    <ClCompile Include="..\gfc\simple_json\src\simple_json_string.c">
      <Filter>Source Files\simple_json</Filter>
    </ClCompile>
    <ClCompile Include="..\gfc\simple_logger\src\simple_logger.c">
      <Filter>Source Files\simple_logger</Filter>
    </ClCompile>
    <ClCompile Include="..\src\script_loader.c">
      <Filter>Source Files\engine_retrofit</Filter>
    </ClCompile>
    <ClCompile Include="..\src\scene.c">
      <Filter>Source Files\engine_retrofit</Filter>
    </ClCompile>
    <ClCompile Include="..\src\script_debug.c">
      <Filter>Source Files\script</Filter>
    </ClCompile>
    <ClCompile Include="..\src\script.c">
      <Filter>Source Files\engine_retrofit</Filter>
    </ClCompile>
    <ClCompile Include="..\src\engine_time.c">
      <Filter>Source Files\engine_retrofit</Filter>
    </ClCompile>
    <ClCompile Include="..\src\script_player.c">
      <Filter>Source Files\script</Filter>
    </ClCompile>
    <ClCompile Include="..\src\script_camera.c">
      <Filter>Source Files\script</Filter>
    </ClCompile>
    <ClCompile Include="..\src\script_rigidbody.c">
      <Filter>Source Files\script</Filter>
    </ClCompile>
    <ClCompile Include="..\src\script_boxcollider.c">
      <Filter>Source Files\script</Filter>
    </ClCompile>
    <ClCompile Include="..\src\script_spherecollider.c">
      <Filter>Source Files\script</Filter>
    </ClCompile>
    <ClCompile Include="..\src\game.c">
      <Filter>Source Files\game</Filter>
    </ClCompile>
    <ClCompile Include="..\src\game_state.c">
      <Filter>Source Files\game</Filter>
    </ClCompile>
    <ClCompile Include="..\src\script_soil.c">
      <Filter>Source Files\script</Filter>
    </ClCompile>
    <ClCompile Include="..\src\entity.c">
      <Filter>Source Files\game</Filter>
    </ClCompile>
    <ClCompile Include="..\src\engine_utility.c">
      <Filter>Source Files\engine_retrofit</Filter>
    </ClCompile>
    <ClCompile Include="..\src\script_billboard.c">
      <Filter>Source Files\script</Filter>
    </ClCompile>
    <ClCompile Include="..\src\entity_bounds.c">
      <Filter>Source Files\engine_retrofit</Filter>
    </ClCompile>
    <ClCompile Include="..\src\script_ui.c">
      <Filter>Source Files\script</Filter>
    </ClCompile>
    <ClCompile Include="..\src\script_manager.c">
      <Filter>Source Files\script</Filter>
    </ClCompile>
    <ClCompile Include="..\src\script_eventhandler.c">
      <Filter>Source Files\script</Filter>
    </ClCompile>
    <ClCompile Include="..\src\event_manager.c">
      <Filter>Source Files\engine_retrofit</Filter>
    </ClCompile>
  </ItemGroup>
  <ItemGroup>
    <ClInclude Include="..\include\agumon.h">
      <Filter>Header Files</Filter>
    </ClInclude>
    <ClInclude Include="..\include\player.h">
      <Filter>Header Files</Filter>
    </ClInclude>
    <ClInclude Include="..\include\world.h">
      <Filter>Header Files</Filter>
    </ClInclude>
    <ClInclude Include="..\gfc\include\miniz.h">
      <Filter>Header Files</Filter>
    </ClInclude>
    <ClInclude Include="..\include\scene.h">
      <Filter>Header Files\engine_retrofit</Filter>
    </ClInclude>
    <ClInclude Include="..\include\script.h">
      <Filter>Header Files\engine_retrofit</Filter>
    </ClInclude>
    <ClInclude Include="..\include\script_loader.h">
      <Filter>Header Files\engine_retrofit</Filter>
    </ClInclude>
    <ClInclude Include="..\include\script_defs.h">
      <Filter>Header Files\script</Filter>
    </ClInclude>
    <ClInclude Include="..\include\gf2d_draw.h">
      <Filter>Header Files\gf2d</Filter>
    </ClInclude>
    <ClInclude Include="..\include\gf2d_font.h">
      <Filter>Header Files\gf2d</Filter>
    </ClInclude>
    <ClInclude Include="..\include\gf2d_sprite.h">
      <Filter>Header Files\gf2d</Filter>
    </ClInclude>
    <ClInclude Include="..\include\gf3d_buffers.h">
      <Filter>Header Files\gf3d</Filter>
    </ClInclude>
    <ClInclude Include="..\include\gf3d_camera.h">
      <Filter>Header Files\gf3d</Filter>
    </ClInclude>
    <ClInclude Include="..\include\gf3d_commands.h">
      <Filter>Header Files\gf3d</Filter>
    </ClInclude>
    <ClInclude Include="..\include\gf3d_config.h">
      <Filter>Header Files\gf3d</Filter>
    </ClInclude>
    <ClInclude Include="..\include\gf3d_debug.h">
      <Filter>Header Files\gf3d</Filter>
    </ClInclude>
    <ClInclude Include="..\include\gf3d_device.h">
      <Filter>Header Files\gf3d</Filter>
    </ClInclude>
    <ClInclude Include="..\include\gf3d_extensions.h">
      <Filter>Header Files\gf3d</Filter>
    </ClInclude>
    <ClInclude Include="..\include\gf3d_mesh.h">
      <Filter>Header Files\gf3d</Filter>
    </ClInclude>
    <ClInclude Include="..\include\gf3d_model.h">
      <Filter>Header Files\gf3d</Filter>
    </ClInclude>
    <ClInclude Include="..\include\gf3d_obj_load.h">
      <Filter>Header Files\gf3d</Filter>
    </ClInclude>
    <ClInclude Include="..\include\gf3d_particle.h">
      <Filter>Header Files\gf3d</Filter>
    </ClInclude>
    <ClInclude Include="..\include\gf3d_pipeline.h">
      <Filter>Header Files\gf3d</Filter>
    </ClInclude>
    <ClInclude Include="..\include\gf3d_shaders.h">
      <Filter>Header Files\gf3d</Filter>
    </ClInclude>
    <ClInclude Include="..\include\gf3d_swapchain.h">
      <Filter>Header Files\gf3d</Filter>
    </ClInclude>
    <ClInclude Include="..\include\gf3d_texture.h">
      <Filter>Header Files\gf3d</Filter>
    </ClInclude>
    <ClInclude Include="..\include\gf3d_uniform_buffers.h">
      <Filter>Header Files\gf3d</Filter>
    </ClInclude>
    <ClInclude Include="..\include\gf3d_validation.h">
      <Filter>Header Files\gf3d</Filter>
    </ClInclude>
    <ClInclude Include="..\include\gf3d_vgraphics.h">
      <Filter>Header Files\gf3d</Filter>
    </ClInclude>
    <ClInclude Include="..\include\gf3d_vqueues.h">
      <Filter>Header Files\gf3d</Filter>
    </ClInclude>
    <ClInclude Include="..\gfc\include\gfc_audio.h">
      <Filter>Header Files\gfc</Filter>
    </ClInclude>
    <ClInclude Include="..\gfc\include\gfc_callbacks.h">
      <Filter>Header Files\gfc</Filter>
    </ClInclude>
    <ClInclude Include="..\gfc\include\gfc_color.h">
      <Filter>Header Files\gfc</Filter>
    </ClInclude>
    <ClInclude Include="..\gfc\include\gfc_config.h">
      <Filter>Header Files\gfc</Filter>
    </ClInclude>
    <ClInclude Include="..\gfc\include\gfc_config_def.h">
      <Filter>Header Files\gfc</Filter>
    </ClInclude>
    <ClInclude Include="..\gfc\include\gfc_hashmap.h">
      <Filter>Header Files\gfc</Filter>
    </ClInclude>
    <ClInclude Include="..\gfc\include\gfc_input.h">
      <Filter>Header Files\gfc</Filter>
    </ClInclude>
    <ClInclude Include="..\gfc\include\gfc_list.h">
      <Filter>Header Files\gfc</Filter>
    </ClInclude>
    <ClInclude Include="..\gfc\include\gfc_matrix.h">
      <Filter>Header Files\gfc</Filter>
    </ClInclude>
    <ClInclude Include="..\gfc\include\gfc_pak.h">
      <Filter>Header Files\gfc</Filter>
    </ClInclude>
    <ClInclude Include="..\gfc\include\gfc_primitives.h">
      <Filter>Header Files\gfc</Filter>
    </ClInclude>
    <ClInclude Include="..\gfc\include\gfc_shape.h">
      <Filter>Header Files\gfc</Filter>
    </ClInclude>
    <ClInclude Include="..\gfc\include\gfc_text.h">
      <Filter>Header Files\gfc</Filter>
    </ClInclude>
    <ClInclude Include="..\gfc\include\gfc_types.h">
      <Filter>Header Files\gfc</Filter>
    </ClInclude>
    <ClInclude Include="..\gfc\include\gfc_vector.h">
      <Filter>Header Files\gfc</Filter>
    </ClInclude>
    <ClInclude Include="..\gfc\simple_json\include\simple_json.h">
      <Filter>Header Files\simple_json</Filter>
    </ClInclude>
    <ClInclude Include="..\gfc\simple_json\include\simple_json_array.h">
      <Filter>Header Files\simple_json</Filter>
    </ClInclude>
    <ClInclude Include="..\gfc\simple_json\include\simple_json_error.h">
      <Filter>Header Files\simple_json</Filter>
    </ClInclude>
    <ClInclude Include="..\gfc\simple_json\include\simple_json_list.h">
      <Filter>Header Files\simple_json</Filter>
    </ClInclude>
    <ClInclude Include="..\gfc\simple_json\include\simple_json_object.h">
      <Filter>Header Files\simple_json</Filter>
    </ClInclude>
    <ClInclude Include="..\gfc\simple_json\include\simple_json_parse.h">
      <Filter>Header Files\simple_json</Filter>
    </ClInclude>
    <ClInclude Include="..\gfc\simple_json\include\simple_json_string.h">
      <Filter>Header Files\simple_json</Filter>
    </ClInclude>
    <ClInclude Include="..\gfc\simple_json\include\simple_json_types.h">
      <Filter>Header Files\simple_json</Filter>
    </ClInclude>
    <ClInclude Include="..\gfc\simple_json\include\simple_json_value.h">
      <Filter>Header Files\simple_json</Filter>
    </ClInclude>
    <ClInclude Include="..\gfc\simple_logger\include\simple_logger.h">
      <Filter>Header Files\simple_logger</Filter>
    </ClInclude>
    <ClInclude Include="..\include\engine_time.h">
      <Filter>Header Files\engine_retrofit</Filter>
    </ClInclude>
    <ClInclude Include="..\include\entity_bounds.h">
      <Filter>Header Files\engine_retrofit</Filter>
    </ClInclude>
    <ClInclude Include="..\include\game_state.h">
      <Filter>Header Files\game</Filter>
    </ClInclude>
    <ClInclude Include="..\include\engine_utility.h">
      <Filter>Header Files\engine_retrofit</Filter>
    </ClInclude>
    <ClInclude Include="..\include\entity.h">
      <Filter>Header Files\game</Filter>
    </ClInclude>
    <ClInclude Include="..\include\script_player.h">
      <Filter>Header Files\script</Filter>
    </ClInclude>
    <ClInclude Include="..\include\dice.h">
      <Filter>Header Files\dice</Filter>
    </ClInclude>
    <ClInclude Include="..\include\dicevalue.h">
      <Filter>Header Files\dice</Filter>
    </ClInclude>
    <ClInclude Include="..\include\script_billboard.h">
      <Filter>Header Files\script</Filter>
    </ClInclude>
    <ClInclude Include="..\include\script_ui.h">
      <Filter>Header Files\script</Filter>
    </ClInclude>
    <ClInclude Include="..\include\script_manager.h">
      <Filter>Header Files\script</Filter>
    </ClInclude>
    <ClInclude Include="..\include\event_manager.h">
      <Filter>Header Files\engine_retrofit</Filter>
    </ClInclude>
  </ItemGroup>
</Project>